// !$*UTF8*$!
{
	archiveVersion = 1;
	classes = {
	};
	objectVersion = 46;
	objects = {

/* Begin PBXBuildFile section */
		853E1A281A01A99E00504F5D /* Line.swift in Sources */ = {isa = PBXBuildFile; fileRef = 853E1A271A01A99E00504F5D /* Line.swift */; };
		858B4DB519FFEE7100BDDE30 /* AppDelegate.swift in Sources */ = {isa = PBXBuildFile; fileRef = 858B4DB419FFEE7100BDDE30 /* AppDelegate.swift */; };
		858B4DB719FFEE7100BDDE30 /* ViewController.swift in Sources */ = {isa = PBXBuildFile; fileRef = 858B4DB619FFEE7100BDDE30 /* ViewController.swift */; };
		858B4DBA19FFEE7100BDDE30 /* Main.storyboard in Resources */ = {isa = PBXBuildFile; fileRef = 858B4DB819FFEE7100BDDE30 /* Main.storyboard */; };
		858B4DBC19FFEE7100BDDE30 /* Images.xcassets in Resources */ = {isa = PBXBuildFile; fileRef = 858B4DBB19FFEE7100BDDE30 /* Images.xcassets */; };
		858B4DBF19FFEE7100BDDE30 /* LaunchScreen.xib in Resources */ = {isa = PBXBuildFile; fileRef = 858B4DBD19FFEE7100BDDE30 /* LaunchScreen.xib */; };
		858B4DCB19FFEE7200BDDE30 /* TicTacToeTests.swift in Sources */ = {isa = PBXBuildFile; fileRef = 858B4DCA19FFEE7200BDDE30 /* TicTacToeTests.swift */; };
		858B4DD519FFF40A00BDDE30 /* QuartzCore.framework in Frameworks */ = {isa = PBXBuildFile; fileRef = 858B4DD419FFF40A00BDDE30 /* QuartzCore.framework */; };
		85DA55171A03EBAD00E59840 /* BlockView.swift in Sources */ = {isa = PBXBuildFile; fileRef = 85DA55161A03EBAD00E59840 /* BlockView.swift */; };
/* End PBXBuildFile section */

/* Begin PBXContainerItemProxy section */
		858B4DC519FFEE7200BDDE30 /* PBXContainerItemProxy */ = {
			isa = PBXContainerItemProxy;
			containerPortal = 858B4DA719FFEE7100BDDE30 /* Project object */;
			proxyType = 1;
			remoteGlobalIDString = 858B4DAE19FFEE7100BDDE30;
			remoteInfo = TicTacToe;
		};
/* End PBXContainerItemProxy section */

/* Begin PBXFileReference section */
		853E1A271A01A99E00504F5D /* Line.swift */ = {isa = PBXFileReference; fileEncoding = 4; lastKnownFileType = sourcecode.swift; path = Line.swift; sourceTree = "<group>"; };
		858B4DAF19FFEE7100BDDE30 /* TicTacToe.app */ = {isa = PBXFileReference; explicitFileType = wrapper.application; includeInIndex = 0; path = TicTacToe.app; sourceTree = BUILT_PRODUCTS_DIR; };
		858B4DB319FFEE7100BDDE30 /* Info.plist */ = {isa = PBXFileReference; lastKnownFileType = text.plist.xml; path = Info.plist; sourceTree = "<group>"; };
		858B4DB419FFEE7100BDDE30 /* AppDelegate.swift */ = {isa = PBXFileReference; lastKnownFileType = sourcecode.swift; path = AppDelegate.swift; sourceTree = "<group>"; };
		858B4DB619FFEE7100BDDE30 /* ViewController.swift */ = {isa = PBXFileReference; lastKnownFileType = sourcecode.swift; path = ViewController.swift; sourceTree = "<group>"; };
		858B4DB919FFEE7100BDDE30 /* Base */ = {isa = PBXFileReference; lastKnownFileType = file.storyboard; name = Base; path = Base.lproj/Main.storyboard; sourceTree = "<group>"; };
		858B4DBB19FFEE7100BDDE30 /* Images.xcassets */ = {isa = PBXFileReference; lastKnownFileType = folder.assetcatalog; path = Images.xcassets; sourceTree = "<group>"; };
		858B4DBE19FFEE7100BDDE30 /* Base */ = {isa = PBXFileReference; lastKnownFileType = file.xib; name = Base; path = Base.lproj/LaunchScreen.xib; sourceTree = "<group>"; };
		858B4DC419FFEE7200BDDE30 /* TicTacToeTests.xctest */ = {isa = PBXFileReference; explicitFileType = wrapper.cfbundle; includeInIndex = 0; path = TicTacToeTests.xctest; sourceTree = BUILT_PRODUCTS_DIR; };
		858B4DC919FFEE7200BDDE30 /* Info.plist */ = {isa = PBXFileReference; lastKnownFileType = text.plist.xml; path = Info.plist; sourceTree = "<group>"; };
		858B4DCA19FFEE7200BDDE30 /* TicTacToeTests.swift */ = {isa = PBXFileReference; lastKnownFileType = sourcecode.swift; path = TicTacToeTests.swift; sourceTree = "<group>"; };
		858B4DD419FFF40A00BDDE30 /* QuartzCore.framework */ = {isa = PBXFileReference; lastKnownFileType = wrapper.framework; name = QuartzCore.framework; path = System/Library/Frameworks/QuartzCore.framework; sourceTree = SDKROOT; };
		85DA55161A03EBAD00E59840 /* BlockView.swift */ = {isa = PBXFileReference; fileEncoding = 4; lastKnownFileType = sourcecode.swift; path = BlockView.swift; sourceTree = "<group>"; };
/* End PBXFileReference section */

/* Begin PBXFrameworksBuildPhase section */
		858B4DAC19FFEE7100BDDE30 /* Frameworks */ = {
			isa = PBXFrameworksBuildPhase;
			buildActionMask = 2147483647;
			files = (
				858B4DD519FFF40A00BDDE30 /* QuartzCore.framework in Frameworks */,
			);
			runOnlyForDeploymentPostprocessing = 0;
		};
		858B4DC119FFEE7200BDDE30 /* Frameworks */ = {
			isa = PBXFrameworksBuildPhase;
			buildActionMask = 2147483647;
			files = (
			);
			runOnlyForDeploymentPostprocessing = 0;
		};
/* End PBXFrameworksBuildPhase section */

/* Begin PBXGroup section */
		858B4DA619FFEE7100BDDE30 = {
			isa = PBXGroup;
			children = (
				858B4DD419FFF40A00BDDE30 /* QuartzCore.framework */,
				858B4DB119FFEE7100BDDE30 /* TicTacToe */,
				858B4DC719FFEE7200BDDE30 /* TicTacToeTests */,
				858B4DB019FFEE7100BDDE30 /* Products */,
			);
			sourceTree = "<group>";
		};
		858B4DB019FFEE7100BDDE30 /* Products */ = {
			isa = PBXGroup;
			children = (
				858B4DAF19FFEE7100BDDE30 /* TicTacToe.app */,
				858B4DC419FFEE7200BDDE30 /* TicTacToeTests.xctest */,
			);
			name = Products;
			sourceTree = "<group>";
		};
		858B4DB119FFEE7100BDDE30 /* TicTacToe */ = {
			isa = PBXGroup;
			children = (
				858B4DB419FFEE7100BDDE30 /* AppDelegate.swift */,
				858B4DB619FFEE7100BDDE30 /* ViewController.swift */,
				85DA55161A03EBAD00E59840 /* BlockView.swift */,
				853E1A271A01A99E00504F5D /* Line.swift */,
				858B4DB819FFEE7100BDDE30 /* Main.storyboard */,
				858B4DBB19FFEE7100BDDE30 /* Images.xcassets */,
				858B4DBD19FFEE7100BDDE30 /* LaunchScreen.xib */,
				858B4DB219FFEE7100BDDE30 /* Supporting Files */,
			);
			path = TicTacToe;
			sourceTree = "<group>";
		};
		858B4DB219FFEE7100BDDE30 /* Supporting Files */ = {
			isa = PBXGroup;
			children = (
				858B4DB319FFEE7100BDDE30 /* Info.plist */,
			);
			name = "Supporting Files";
			sourceTree = "<group>";
		};
		858B4DC719FFEE7200BDDE30 /* TicTacToeTests */ = {
			isa = PBXGroup;
			children = (
				858B4DCA19FFEE7200BDDE30 /* TicTacToeTests.swift */,
				858B4DC819FFEE7200BDDE30 /* Supporting Files */,
			);
			path = TicTacToeTests;
			sourceTree = "<group>";
		};
		858B4DC819FFEE7200BDDE30 /* Supporting Files */ = {
			isa = PBXGroup;
			children = (
				858B4DC919FFEE7200BDDE30 /* Info.plist */,
			);
			name = "Supporting Files";
			sourceTree = "<group>";
		};
/* End PBXGroup section */

/* Begin PBXNativeTarget section */
		858B4DAE19FFEE7100BDDE30 /* TicTacToe */ = {
			isa = PBXNativeTarget;
			buildConfigurationList = 858B4DCE19FFEE7200BDDE30 /* Build configuration list for PBXNativeTarget "TicTacToe" */;
			buildPhases = (
				858B4DAB19FFEE7100BDDE30 /* Sources */,
				858B4DAC19FFEE7100BDDE30 /* Frameworks */,
				858B4DAD19FFEE7100BDDE30 /* Resources */,
			);
			buildRules = (
			);
			dependencies = (
			);
			name = TicTacToe;
			productName = TicTacToe;
			productReference = 858B4DAF19FFEE7100BDDE30 /* TicTacToe.app */;
			productType = "com.apple.product-type.application";
		};
		858B4DC319FFEE7200BDDE30 /* TicTacToeTests */ = {
			isa = PBXNativeTarget;
			buildConfigurationList = 858B4DD119FFEE7200BDDE30 /* Build configuration list for PBXNativeTarget "TicTacToeTests" */;
			buildPhases = (
				858B4DC019FFEE7200BDDE30 /* Sources */,
				858B4DC119FFEE7200BDDE30 /* Frameworks */,
				858B4DC219FFEE7200BDDE30 /* Resources */,
			);
			buildRules = (
			);
			dependencies = (
				858B4DC619FFEE7200BDDE30 /* PBXTargetDependency */,
			);
			name = TicTacToeTests;
			productName = TicTacToeTests;
			productReference = 858B4DC419FFEE7200BDDE30 /* TicTacToeTests.xctest */;
			productType = "com.apple.product-type.bundle.unit-test";
		};
/* End PBXNativeTarget section */

/* Begin PBXProject section */
		858B4DA719FFEE7100BDDE30 /* Project object */ = {
			isa = PBXProject;
			attributes = {
				LastUpgradeCheck = 0610;
				ORGANIZATIONNAME = JACKYWANG;
				TargetAttributes = {
					858B4DAE19FFEE7100BDDE30 = {
						CreatedOnToolsVersion = 6.1;
					};
					858B4DC319FFEE7200BDDE30 = {
						CreatedOnToolsVersion = 6.1;
						TestTargetID = 858B4DAE19FFEE7100BDDE30;
					};
				};
			};
			buildConfigurationList = 858B4DAA19FFEE7100BDDE30 /* Build configuration list for PBXProject "TicTacToe" */;
			compatibilityVersion = "Xcode 3.2";
			developmentRegion = English;
			hasScannedForEncodings = 0;
			knownRegions = (
				en,
				Base,
			);
			mainGroup = 858B4DA619FFEE7100BDDE30;
			productRefGroup = 858B4DB019FFEE7100BDDE30 /* Products */;
			projectDirPath = "";
			projectRoot = "";
			targets = (
				858B4DAE19FFEE7100BDDE30 /* TicTacToe */,
				858B4DC319FFEE7200BDDE30 /* TicTacToeTests */,
			);
		};
/* End PBXProject section */

/* Begin PBXResourcesBuildPhase section */
		858B4DAD19FFEE7100BDDE30 /* Resources */ = {
			isa = PBXResourcesBuildPhase;
			buildActionMask = 2147483647;
			files = (
				858B4DBA19FFEE7100BDDE30 /* Main.storyboard in Resources */,
				858B4DBF19FFEE7100BDDE30 /* LaunchScreen.xib in Resources */,
				858B4DBC19FFEE7100BDDE30 /* Images.xcassets in Resources */,
			);
			runOnlyForDeploymentPostprocessing = 0;
		};
		858B4DC219FFEE7200BDDE30 /* Resources */ = {
			isa = PBXResourcesBuildPhase;
			buildActionMask = 2147483647;
			files = (
			);
			runOnlyForDeploymentPostprocessing = 0;
		};
/* End PBXResourcesBuildPhase section */

/* Begin PBXSourcesBuildPhase section */
		858B4DAB19FFEE7100BDDE30 /* Sources */ = {
			isa = PBXSourcesBuildPhase;
			buildActionMask = 2147483647;
			files = (
				85DA55171A03EBAD00E59840 /* BlockView.swift in Sources */,
				853E1A281A01A99E00504F5D /* Line.swift in Sources */,
				858B4DB719FFEE7100BDDE30 /* ViewController.swift in Sources */,
				858B4DB519FFEE7100BDDE30 /* AppDelegate.swift in Sources */,
			);
			runOnlyForDeploymentPostprocessing = 0;
		};
		858B4DC019FFEE7200BDDE30 /* Sources */ = {
			isa = PBXSourcesBuildPhase;
			buildActionMask = 2147483647;
			files = (
				858B4DCB19FFEE7200BDDE30 /* TicTacToeTests.swift in Sources */,
			);
			runOnlyForDeploymentPostprocessing = 0;
		};
/* End PBXSourcesBuildPhase section */

/* Begin PBXTargetDependency section */
		858B4DC619FFEE7200BDDE30 /* PBXTargetDependency */ = {
			isa = PBXTargetDependency;
			target = 858B4DAE19FFEE7100BDDE30 /* TicTacToe */;
			targetProxy = 858B4DC519FFEE7200BDDE30 /* PBXContainerItemProxy */;
		};
/* End PBXTargetDependency section */

/* Begin PBXVariantGroup section */
		858B4DB819FFEE7100BDDE30 /* Main.storyboard */ = {
			isa = PBXVariantGroup;
			children = (
				858B4DB919FFEE7100BDDE30 /* Base */,
			);
			name = Main.storyboard;
			sourceTree = "<group>";
		};
		858B4DBD19FFEE7100BDDE30 /* LaunchScreen.xib */ = {
			isa = PBXVariantGroup;
			children = (
				858B4DBE19FFEE7100BDDE30 /* Base */,
			);
			name = LaunchScreen.xib;
			sourceTree = "<group>";
		};
/* End PBXVariantGroup section */

/* Begin XCBuildConfiguration section */
		858B4DCC19FFEE7200BDDE30 /* Debug */ = {
			isa = XCBuildConfiguration;
			buildSettings = {
				ALWAYS_SEARCH_USER_PATHS = NO;
				CLANG_CXX_LANGUAGE_STANDARD = "gnu++0x";
				CLANG_CXX_LIBRARY = "libc++";
				CLANG_ENABLE_MODULES = YES;
				CLANG_ENABLE_OBJC_ARC = YES;
				CLANG_WARN_BOOL_CONVERSION = YES;
				CLANG_WARN_CONSTANT_CONVERSION = YES;
				CLANG_WARN_DIRECT_OBJC_ISA_USAGE = YES_ERROR;
				CLANG_WARN_EMPTY_BODY = YES;
				CLANG_WARN_ENUM_CONVERSION = YES;
				CLANG_WARN_INT_CONVERSION = YES;
				CLANG_WARN_OBJC_ROOT_CLASS = YES_ERROR;
				CLANG_WARN_UNREACHABLE_CODE = YES;
				CLANG_WARN__DUPLICATE_METHOD_MATCH = YES;
				"CODE_SIGN_IDENTITY[sdk=iphoneos*]" = "iPhone Developer";
				COPY_PHASE_STRIP = NO;
				ENABLE_STRICT_OBJC_MSGSEND = YES;
				GCC_C_LANGUAGE_STANDARD = gnu99;
				GCC_DYNAMIC_NO_PIC = NO;
				GCC_OPTIMIZATION_LEVEL = 0;
				GCC_PREPROCESSOR_DEFINITIONS = (
					"DEBUG=1",
					"$(inherited)",
				);
				GCC_SYMBOLS_PRIVATE_EXTERN = NO;
				GCC_WARN_64_TO_32_BIT_CONVERSION = YES;
				GCC_WARN_ABOUT_RETURN_TYPE = YES_ERROR;
				GCC_WARN_UNDECLARED_SELECTOR = YES;
				GCC_WARN_UNINITIALIZED_AUTOS = YES_AGGRESSIVE;
				GCC_WARN_UNUSED_FUNCTION = YES;
				GCC_WARN_UNUSED_VARIABLE = YES;
				IPHONEOS_DEPLOYMENT_TARGET = 8.1;
				MTL_ENABLE_DEBUG_INFO = YES;
				ONLY_ACTIVE_ARCH = YES;
				SDKROOT = iphoneos;
				SWIFT_OPTIMIZATION_LEVEL = "-Onone";
				TARGETED_DEVICE_FAMILY = "1,2";
			};
			name = Debug;
		};
		858B4DCD19FFEE7200BDDE30 /* Release */ = {
			isa = XCBuildConfiguration;
			buildSettings = {
				ALWAYS_SEARCH_USER_PATHS = NO;
				CLANG_CXX_LANGUAGE_STANDARD = "gnu++0x";
				CLANG_CXX_LIBRARY = "libc++";
				CLANG_ENABLE_MODULES = YES;
				CLANG_ENABLE_OBJC_ARC = YES;
				CLANG_WARN_BOOL_CONVERSION = YES;
				CLANG_WARN_CONSTANT_CONVERSION = YES;
				CLANG_WARN_DIRECT_OBJC_ISA_USAGE = YES_ERROR;
				CLANG_WARN_EMPTY_BODY = YES;
				CLANG_WARN_ENUM_CONVERSION = YES;
				CLANG_WARN_INT_CONVERSION = YES;
				CLANG_WARN_OBJC_ROOT_CLASS = YES_ERROR;
				CLANG_WARN_UNREACHABLE_CODE = YES;
				CLANG_WARN__DUPLICATE_METHOD_MATCH = YES;
				"CODE_SIGN_IDENTITY[sdk=iphoneos*]" = "iPhone Developer";
				COPY_PHASE_STRIP = YES;
				ENABLE_NS_ASSERTIONS = NO;
				ENABLE_STRICT_OBJC_MSGSEND = YES;
				GCC_C_LANGUAGE_STANDARD = gnu99;
				GCC_WARN_64_TO_32_BIT_CONVERSION = YES;
				GCC_WARN_ABOUT_RETURN_TYPE = YES_ERROR;
				GCC_WARN_UNDECLARED_SELECTOR = YES;
				GCC_WARN_UNINITIALIZED_AUTOS = YES_AGGRESSIVE;
				GCC_WARN_UNUSED_FUNCTION = YES;
				GCC_WARN_UNUSED_VARIABLE = YES;
				IPHONEOS_DEPLOYMENT_TARGET = 8.1;
				MTL_ENABLE_DEBUG_INFO = NO;
				SDKROOT = iphoneos;
				TARGETED_DEVICE_FAMILY = "1,2";
				VALIDATE_PRODUCT = YES;
			};
			name = Release;
		};
		858B4DCF19FFEE7200BDDE30 /* Debug */ = {
			isa = XCBuildConfiguration;
			buildSettings = {
				ASSETCATALOG_COMPILER_APPICON_NAME = AppIcon;
				INFOPLIST_FILE = TicTacToe/Info.plist;
				LD_RUNPATH_SEARCH_PATHS = "$(inherited) @executable_path/Frameworks";
				PRODUCT_NAME = "$(TARGET_NAME)";
			};
			name = Debug;
		};
		858B4DD019FFEE7200BDDE30 /* Release */ = {
			isa = XCBuildConfiguration;
			buildSettings = {
				ASSETCATALOG_COMPILER_APPICON_NAME = AppIcon;
				INFOPLIST_FILE = TicTacToe/Info.plist;
				LD_RUNPATH_SEARCH_PATHS = "$(inherited) @executable_path/Frameworks";
				PRODUCT_NAME = "$(TARGET_NAME)";
			};
			name = Release;
		};
		858B4DD219FFEE7200BDDE30 /* Debug */ = {
			isa = XCBuildConfiguration;
			buildSettings = {
				BUNDLE_LOADER = "$(TEST_HOST)";
				FRAMEWORK_SEARCH_PATHS = (
					"$(SDKROOT)/Developer/Library/Frameworks",
					"$(inherited)",
				);
				GCC_PREPROCESSOR_DEFINITIONS = (
					"DEBUG=1",
					"$(inherited)",
				);
				INFOPLIST_FILE = TicTacToeTests/Info.plist;
				LD_RUNPATH_SEARCH_PATHS = "$(inherited) @executable_path/Frameworks @loader_path/Frameworks";
				PRODUCT_NAME = "$(TARGET_NAME)";
				TEST_HOST = "$(BUILT_PRODUCTS_DIR)/TicTacToe.app/TicTacToe";
			};
			name = Debug;
		};
		858B4DD319FFEE7200BDDE30 /* Release */ = {
			isa = XCBuildConfiguration;
			buildSettings = {
				BUNDLE_LOADER = "$(TEST_HOST)";
				FRAMEWORK_SEARCH_PATHS = (
					"$(SDKROOT)/Developer/Library/Frameworks",
					"$(inherited)",
				);
				INFOPLIST_FILE = TicTacToeTests/Info.plist;
				LD_RUNPATH_SEARCH_PATHS = "$(inherited) @executable_path/Frameworks @loader_path/Frameworks";
				PRODUCT_NAME = "$(TARGET_NAME)";
				TEST_HOST = "$(BUILT_PRODUCTS_DIR)/TicTacToe.app/TicTacToe";
			};
			name = Release;
		};
/* End XCBuildConfiguration section */

/* Begin XCConfigurationList section */
		858B4DAA19FFEE7100BDDE30 /* Build configuration list for PBXProject "TicTacToe" */ = {
			isa = XCConfigurationList;
			buildConfigurations = (
				858B4DCC19FFEE7200BDDE30 /* Debug */,
				858B4DCD19FFEE7200BDDE30 /* Release */,
			);
			defaultConfigurationIsVisible = 0;
			defaultConfigurationName = Release;
		};
		858B4DCE19FFEE7200BDDE30 /* Build configuration list for PBXNativeTarget "TicTacToe" */ = {
			isa = XCConfigurationList;
			buildConfigurations = (
				858B4DCF19FFEE7200BDDE30 /* Debug */,
				858B4DD019FFEE7200BDDE30 /* Release */,
			);
			defaultConfigurationIsVisible = 0;
			defaultConfigurationName = Release;
		};
		858B4DD119FFEE7200BDDE30 /* Build configuration list for PBXNativeTarget "TicTacToeTests" */ = {
			isa = XCConfigurationList;
			buildConfigurations = (
				858B4DD219FFEE7200BDDE30 /* Debug */,
				858B4DD319FFEE7200BDDE30 /* Release */,
			);
			defaultConfigurationIsVisible = 0;
			defaultConfigurationName = Release;
		};
/* End XCConfigurationList section */
	};
	rootObject = 858B4DA719FFEE7100BDDE30 /* Project object */;
}
